
Microsoft Visual Studio Solution File, Format Version 12.00
# Visual Studio 2017
Project("{FAE04EC0-301F-11D3-BF4B-00C04F79EFBC}") = "RTS_4", "RTS_4.csproj", "{13E66CB2-5858-6527-8516-0C623533AF34}"
EndProject
Project("{FAE04EC0-301F-11D3-BF4B-00C04F79EFBC}") = "RTS_4.Editor", "RTS_4.Editor.csproj", "{452770DF-F959-24C2-656B-98098EE32079}"
EndProject
Global
	GlobalSection(SolutionConfigurationPlatforms) = preSolution
		Debug|Any CPU = Debug|Any CPU
		Release|Any CPU = Release|Any CPU
	EndGlobalSection
	GlobalSection(ProjectConfigurationPlatforms) = postSolution
		{13E66CB2-5858-6527-8516-0C623533AF34}.Debug|Any CPU.ActiveCfg = Debug|Any CPU
		{13E66CB2-5858-6527-8516-0C623533AF34}.Debug|Any CPU.Build.0 = Debug|Any CPU
		{13E66CB2-5858-6527-8516-0C623533AF34}.Release|Any CPU.ActiveCfg = Release|Any CPU
		{13E66CB2-5858-6527-8516-0C623533AF34}.Release|Any CPU.Build.0 = Release|Any CPU
		{452770DF-F959-24C2-656B-98098EE32079}.Debug|Any CPU.ActiveCfg = Debug|Any CPU
		{452770DF-F959-24C2-656B-98098EE32079}.Debug|Any CPU.Build.0 = Debug|Any CPU
		{452770DF-F959-24C2-656B-98098EE32079}.Release|Any CPU.ActiveCfg = Release|Any CPU
		{452770DF-F959-24C2-656B-98098EE32079}.Release|Any CPU.Build.0 = Release|Any CPU
	EndGlobalSection
	GlobalSection(SolutionProperties) = preSolution
		HideSolutionNode = FALSE
	EndGlobalSection
EndGlobal
